
Microsoft Visual Studio Solution File, Format Version 12.00
# Visual Studio Version 16
VisualStudioVersion = 16.0.30907.101
MinimumVisualStudioVersion = 10.0.40219.1
Project("{FAE04EC0-301F-11D3-BF4B-00C04F79EFBC}") = "TOO_1", "TOO_1\TOO_1.csproj", "{182B4B1C-0C19-4EBB-9A75-66E347B4CC74}"
EndProject
Global
	GlobalSection(SolutionConfigurationPlatforms) = preSolution
		Debug|Any CPU = Debug|Any CPU
		Release|Any CPU = Release|Any CPU
	EndGlobalSection
	GlobalSection(ProjectConfigurationPlatforms) = postSolution
		{182B4B1C-0C19-4EBB-9A75-66E347B4CC74}.Debug|Any CPU.ActiveCfg = Debug|Any CPU
		{182B4B1C-0C19-4EBB-9A75-66E347B4CC74}.Debug|Any CPU.Build.0 = Debug|Any CPU
		{182B4B1C-0C19-4EBB-9A75-66E347B4CC74}.Release|Any CPU.ActiveCfg = Release|Any CPU
		{182B4B1C-0C19-4EBB-9A75-66E347B4CC74}.Release|Any CPU.Build.0 = Release|Any CPU
	EndGlobalSection
	GlobalSection(SolutionProperties) = preSolution
		HideSolutionNode = FALSE
	EndGlobalSection
	GlobalSection(ExtensibilityGlobals) = postSolution
		SolutionGuid = {0F842DD6-6913-422E-9FB5-40DE4E795DE5}
	EndGlobalSection
EndGlobal
